
Microsoft Visual Studio Solution File, Format Version 12.00
# Visual Studio Version 17
VisualStudioVersion = 17.3.32825.248
MinimumVisualStudioVersion = 10.0.40219.1
Project("{9A19103F-16F7-4668-BE54-9A1E7A4F7556}") = "BaoXia.Utils.PinYin", "BaoXia.Utils.PinYin\BaoXia.Utils.PinYin.csproj", "{D3A2E8B1-C506-4787-96F9-254CF1B60A4C}"
EndProject
Project("{9A19103F-16F7-4668-BE54-9A1E7A4F7556}") = "BaoXia.Utils.PinYin.Test", "BaoXia.Utils.PinYin.Test\BaoXia.Utils.PinYin.Test.csproj", "{42187E95-A132-4CA7-8D76-B3C0690F953E}"
EndProject
Global
	GlobalSection(SolutionConfigurationPlatforms) = preSolution
		Debug|Any CPU = Debug|Any CPU
		Release|Any CPU = Release|Any CPU
	EndGlobalSection
	GlobalSection(ProjectConfigurationPlatforms) = postSolution
		{D3A2E8B1-C506-4787-96F9-254CF1B60A4C}.Debug|Any CPU.ActiveCfg = Debug|Any CPU
		{D3A2E8B1-C506-4787-96F9-254CF1B60A4C}.Debug|Any CPU.Build.0 = Debug|Any CPU
		{D3A2E8B1-C506-4787-96F9-254CF1B60A4C}.Release|Any CPU.ActiveCfg = Release|Any CPU
		{D3A2E8B1-C506-4787-96F9-254CF1B60A4C}.Release|Any CPU.Build.0 = Release|Any CPU
		{42187E95-A132-4CA7-8D76-B3C0690F953E}.Debug|Any CPU.ActiveCfg = Debug|Any CPU
		{42187E95-A132-4CA7-8D76-B3C0690F953E}.Debug|Any CPU.Build.0 = Debug|Any CPU
		{42187E95-A132-4CA7-8D76-B3C0690F953E}.Release|Any CPU.ActiveCfg = Release|Any CPU
		{42187E95-A132-4CA7-8D76-B3C0690F953E}.Release|Any CPU.Build.0 = Release|Any CPU
	EndGlobalSection
	GlobalSection(SolutionProperties) = preSolution
		HideSolutionNode = FALSE
	EndGlobalSection
	GlobalSection(ExtensibilityGlobals) = postSolution
		SolutionGuid = {FCD613E2-0CEF-49B2-9A14-CC80EF8C1CFD}
	EndGlobalSection
EndGlobal
